{
  "lockfileVersion": 1,
  "workspaces": {
    "": {
      "name": "yournextstore",
      "dependencies": {
        "@typescript/native-preview": "7.0.0-dev.20251022.1",
        "commerce-kit": "0.6.1-experimental.6",
        "next": "16.0.0",
        "react": "19.2.0",
        "react-dom": "19.2.0",
        "safe-try": "0.0.4",
      },
      "devDependencies": {
        "@biomejs/biome": "2.2.0",
        "@tailwindcss/postcss": "^4",
        "@types/bun": "latest",
        "@types/node": "^20",
        "@types/react": "^19",
        "@types/react-dom": "^19",
        "babel-plugin-react-compiler": "1.0.0",
        "tailwindcss": "^4",
        "typescript": "^5",
      },
    },
  },
  "packages": {
    "@alloc/quick-lru": ["@alloc/quick-lru@5.2.0", "", {}, "sha512-UrcABB+4bUrFABwbluTIBErXwvbsU/V7TZWfmbgJfbkwiBuziS9gxdODUyuiecfdGQ85jglMW6juS3+z5TsKLw=="],

    "@babel/helper-string-parser": ["@babel/helper-string-parser@7.27.1", "", {}, "sha512-qMlSxKbpRlAridDExk92nSobyDdpPijUq2DW6oDnUqd0iOGxmQjyqhMIihI9+zv4LPyZdRje2cavWPbCbWm3eA=="],

    "@babel/helper-validator-identifier": ["@babel/helper-validator-identifier@7.27.1", "", {}, "sha512-D2hP9eA+Sqx1kBZgzxZh0y1trbuU+JoDkiEwqhQ36nodYqJwyEIhPSdMNd7lOm/4io72luTPWH20Yda0xOuUow=="],

    "@babel/types": ["@babel/types@7.28.4", "", { "dependencies": { "@babel/helper-string-parser": "^7.27.1", "@babel/helper-validator-identifier": "^7.27.1" } }, "sha512-bkFqkLhh3pMBUQQkpVgWDWq/lqzc2678eUyDlTBhRqhCHFguYYGM0Efga7tYk4TogG/3x0EEl66/OQ+WGbWB/Q=="],

    "@biomejs/biome": ["@biomejs/biome@2.2.0", "", { "optionalDependencies": { "@biomejs/cli-darwin-arm64": "2.2.0", "@biomejs/cli-darwin-x64": "2.2.0", "@biomejs/cli-linux-arm64": "2.2.0", "@biomejs/cli-linux-arm64-musl": "2.2.0", "@biomejs/cli-linux-x64": "2.2.0", "@biomejs/cli-linux-x64-musl": "2.2.0", "@biomejs/cli-win32-arm64": "2.2.0", "@biomejs/cli-win32-x64": "2.2.0" }, "bin": { "biome": "bin/biome" } }, "sha512-3On3RSYLsX+n9KnoSgfoYlckYBoU6VRM22cw1gB4Y0OuUVSYd/O/2saOJMrA4HFfA1Ff0eacOvMN1yAAvHtzIw=="],

    "@biomejs/cli-darwin-arm64": ["@biomejs/cli-darwin-arm64@2.2.0", "", { "os": "darwin", "cpu": "arm64" }, "sha512-zKbwUUh+9uFmWfS8IFxmVD6XwqFcENjZvEyfOxHs1epjdH3wyyMQG80FGDsmauPwS2r5kXdEM0v/+dTIA9FXAg=="],

    "@biomejs/cli-darwin-x64": ["@biomejs/cli-darwin-x64@2.2.0", "", { "os": "darwin", "cpu": "x64" }, "sha512-+OmT4dsX2eTfhD5crUOPw3RPhaR+SKVspvGVmSdZ9y9O/AgL8pla6T4hOn1q+VAFBHuHhsdxDRJgFCSC7RaMOw=="],

    "@biomejs/cli-linux-arm64": ["@biomejs/cli-linux-arm64@2.2.0", "", { "os": "linux", "cpu": "arm64" }, "sha512-6eoRdF2yW5FnW9Lpeivh7Mayhq0KDdaDMYOJnH9aT02KuSIX5V1HmWJCQQPwIQbhDh68Zrcpl8inRlTEan0SXw=="],

    "@biomejs/cli-linux-arm64-musl": ["@biomejs/cli-linux-arm64-musl@2.2.0", "", { "os": "linux", "cpu": "arm64" }, "sha512-egKpOa+4FL9YO+SMUMLUvf543cprjevNc3CAgDNFLcjknuNMcZ0GLJYa3EGTCR2xIkIUJDVneBV3O9OcIlCEZQ=="],

    "@biomejs/cli-linux-x64": ["@biomejs/cli-linux-x64@2.2.0", "", { "os": "linux", "cpu": "x64" }, "sha512-5UmQx/OZAfJfi25zAnAGHUMuOd+LOsliIt119x2soA2gLggQYrVPA+2kMUxR6Mw5M1deUF/AWWP2qpxgH7Nyfw=="],

    "@biomejs/cli-linux-x64-musl": ["@biomejs/cli-linux-x64-musl@2.2.0", "", { "os": "linux", "cpu": "x64" }, "sha512-I5J85yWwUWpgJyC1CcytNSGusu2p9HjDnOPAFG4Y515hwRD0jpR9sT9/T1cKHtuCvEQ/sBvx+6zhz9l9wEJGAg=="],

    "@biomejs/cli-win32-arm64": ["@biomejs/cli-win32-arm64@2.2.0", "", { "os": "win32", "cpu": "arm64" }, "sha512-n9a1/f2CwIDmNMNkFs+JI0ZjFnMO0jdOyGNtihgUNFnlmd84yIYY2KMTBmMV58ZlVHjgmY5Y6E1hVTnSRieggA=="],

    "@biomejs/cli-win32-x64": ["@biomejs/cli-win32-x64@2.2.0", "", { "os": "win32", "cpu": "x64" }, "sha512-Nawu5nHjP/zPKTIryh2AavzTc/KEg4um/MxWdXW0A6P/RZOyIpa7+QSjeXwAwX/utJGaCoXRPWtF3m5U/bB3Ww=="],

    "@emnapi/runtime": ["@emnapi/runtime@1.6.0", "", { "dependencies": { "tslib": "^2.4.0" } }, "sha512-obtUmAHTMjll499P+D9A3axeJFlhdjOWdKUNs/U6QIGT7V5RjcUW1xToAzjvmgTSQhDbYn/NwfTRoJcQ2rNBxA=="],

    "@img/colour": ["@img/colour@1.0.0", "", {}, "sha512-A5P/LfWGFSl6nsckYtjw9da+19jB8hkJ6ACTGcDfEJ0aE+l2n2El7dsVM7UVHZQ9s2lmYMWlrS21YLy2IR1LUw=="],

    "@img/sharp-darwin-arm64": ["@img/sharp-darwin-arm64@0.34.4", "", { "optionalDependencies": { "@img/sharp-libvips-darwin-arm64": "1.2.3" }, "os": "darwin", "cpu": "arm64" }, "sha512-sitdlPzDVyvmINUdJle3TNHl+AG9QcwiAMsXmccqsCOMZNIdW2/7S26w0LyU8euiLVzFBL3dXPwVCq/ODnf2vA=="],

    "@img/sharp-darwin-x64": ["@img/sharp-darwin-x64@0.34.4", "", { "optionalDependencies": { "@img/sharp-libvips-darwin-x64": "1.2.3" }, "os": "darwin", "cpu": "x64" }, "sha512-rZheupWIoa3+SOdF/IcUe1ah4ZDpKBGWcsPX6MT0lYniH9micvIU7HQkYTfrx5Xi8u+YqwLtxC/3vl8TQN6rMg=="],

    "@img/sharp-libvips-darwin-arm64": ["@img/sharp-libvips-darwin-arm64@1.2.3", "", { "os": "darwin", "cpu": "arm64" }, "sha512-QzWAKo7kpHxbuHqUC28DZ9pIKpSi2ts2OJnoIGI26+HMgq92ZZ4vk8iJd4XsxN+tYfNJxzH6W62X5eTcsBymHw=="],

    "@img/sharp-libvips-darwin-x64": ["@img/sharp-libvips-darwin-x64@1.2.3", "", { "os": "darwin", "cpu": "x64" }, "sha512-Ju+g2xn1E2AKO6YBhxjj+ACcsPQRHT0bhpglxcEf+3uyPY+/gL8veniKoo96335ZaPo03bdDXMv0t+BBFAbmRA=="],

    "@img/sharp-libvips-linux-arm": ["@img/sharp-libvips-linux-arm@1.2.3", "", { "os": "linux", "cpu": "arm" }, "sha512-x1uE93lyP6wEwGvgAIV0gP6zmaL/a0tGzJs/BIDDG0zeBhMnuUPm7ptxGhUbcGs4okDJrk4nxgrmxpib9g6HpA=="],

    "@img/sharp-libvips-linux-arm64": ["@img/sharp-libvips-linux-arm64@1.2.3", "", { "os": "linux", "cpu": "arm64" }, "sha512-I4RxkXU90cpufazhGPyVujYwfIm9Nk1QDEmiIsaPwdnm013F7RIceaCc87kAH+oUB1ezqEvC6ga4m7MSlqsJvQ=="],

    "@img/sharp-libvips-linux-ppc64": ["@img/sharp-libvips-linux-ppc64@1.2.3", "", { "os": "linux", "cpu": "ppc64" }, "sha512-Y2T7IsQvJLMCBM+pmPbM3bKT/yYJvVtLJGfCs4Sp95SjvnFIjynbjzsa7dY1fRJX45FTSfDksbTp6AGWudiyCg=="],

    "@img/sharp-libvips-linux-s390x": ["@img/sharp-libvips-linux-s390x@1.2.3", "", { "os": "linux", "cpu": "s390x" }, "sha512-RgWrs/gVU7f+K7P+KeHFaBAJlNkD1nIZuVXdQv6S+fNA6syCcoboNjsV2Pou7zNlVdNQoQUpQTk8SWDHUA3y/w=="],

    "@img/sharp-libvips-linux-x64": ["@img/sharp-libvips-linux-x64@1.2.3", "", { "os": "linux", "cpu": "x64" }, "sha512-3JU7LmR85K6bBiRzSUc/Ff9JBVIFVvq6bomKE0e63UXGeRw2HPVEjoJke1Yx+iU4rL7/7kUjES4dZ/81Qjhyxg=="],

    "@img/sharp-libvips-linuxmusl-arm64": ["@img/sharp-libvips-linuxmusl-arm64@1.2.3", "", { "os": "linux", "cpu": "arm64" }, "sha512-F9q83RZ8yaCwENw1GieztSfj5msz7GGykG/BA+MOUefvER69K/ubgFHNeSyUu64amHIYKGDs4sRCMzXVj8sEyw=="],

    "@img/sharp-libvips-linuxmusl-x64": ["@img/sharp-libvips-linuxmusl-x64@1.2.3", "", { "os": "linux", "cpu": "x64" }, "sha512-U5PUY5jbc45ANM6tSJpsgqmBF/VsL6LnxJmIf11kB7J5DctHgqm0SkuXzVWtIY90GnJxKnC/JT251TDnk1fu/g=="],

    "@img/sharp-linux-arm": ["@img/sharp-linux-arm@0.34.4", "", { "optionalDependencies": { "@img/sharp-libvips-linux-arm": "1.2.3" }, "os": "linux", "cpu": "arm" }, "sha512-Xyam4mlqM0KkTHYVSuc6wXRmM7LGN0P12li03jAnZ3EJWZqj83+hi8Y9UxZUbxsgsK1qOEwg7O0Bc0LjqQVtxA=="],

    "@img/sharp-linux-arm64": ["@img/sharp-linux-arm64@0.34.4", "", { "optionalDependencies": { "@img/sharp-libvips-linux-arm64": "1.2.3" }, "os": "linux", "cpu": "arm64" }, "sha512-YXU1F/mN/Wu786tl72CyJjP/Ngl8mGHN1hST4BGl+hiW5jhCnV2uRVTNOcaYPs73NeT/H8Upm3y9582JVuZHrQ=="],

    "@img/sharp-linux-ppc64": ["@img/sharp-linux-ppc64@0.34.4", "", { "optionalDependencies": { "@img/sharp-libvips-linux-ppc64": "1.2.3" }, "os": "linux", "cpu": "ppc64" }, "sha512-F4PDtF4Cy8L8hXA2p3TO6s4aDt93v+LKmpcYFLAVdkkD3hSxZzee0rh6/+94FpAynsuMpLX5h+LRsSG3rIciUQ=="],

    "@img/sharp-linux-s390x": ["@img/sharp-linux-s390x@0.34.4", "", { "optionalDependencies": { "@img/sharp-libvips-linux-s390x": "1.2.3" }, "os": "linux", "cpu": "s390x" }, "sha512-qVrZKE9Bsnzy+myf7lFKvng6bQzhNUAYcVORq2P7bDlvmF6u2sCmK2KyEQEBdYk+u3T01pVsPrkj943T1aJAsw=="],

    "@img/sharp-linux-x64": ["@img/sharp-linux-x64@0.34.4", "", { "optionalDependencies": { "@img/sharp-libvips-linux-x64": "1.2.3" }, "os": "linux", "cpu": "x64" }, "sha512-ZfGtcp2xS51iG79c6Vhw9CWqQC8l2Ot8dygxoDoIQPTat/Ov3qAa8qpxSrtAEAJW+UjTXc4yxCjNfxm4h6Xm2A=="],

    "@img/sharp-linuxmusl-arm64": ["@img/sharp-linuxmusl-arm64@0.34.4", "", { "optionalDependencies": { "@img/sharp-libvips-linuxmusl-arm64": "1.2.3" }, "os": "linux", "cpu": "arm64" }, "sha512-8hDVvW9eu4yHWnjaOOR8kHVrew1iIX+MUgwxSuH2XyYeNRtLUe4VNioSqbNkB7ZYQJj9rUTT4PyRscyk2PXFKA=="],

    "@img/sharp-linuxmusl-x64": ["@img/sharp-linuxmusl-x64@0.34.4", "", { "optionalDependencies": { "@img/sharp-libvips-linuxmusl-x64": "1.2.3" }, "os": "linux", "cpu": "x64" }, "sha512-lU0aA5L8QTlfKjpDCEFOZsTYGn3AEiO6db8W5aQDxj0nQkVrZWmN3ZP9sYKWJdtq3PWPhUNlqehWyXpYDcI9Sg=="],

    "@img/sharp-wasm32": ["@img/sharp-wasm32@0.34.4", "", { "dependencies": { "@emnapi/runtime": "^1.5.0" }, "cpu": "none" }, "sha512-33QL6ZO/qpRyG7woB/HUALz28WnTMI2W1jgX3Nu2bypqLIKx/QKMILLJzJjI+SIbvXdG9fUnmrxR7vbi1sTBeA=="],

    "@img/sharp-win32-arm64": ["@img/sharp-win32-arm64@0.34.4", "", { "os": "win32", "cpu": "arm64" }, "sha512-2Q250do/5WXTwxW3zjsEuMSv5sUU4Tq9VThWKlU2EYLm4MB7ZeMwF+SFJutldYODXF6jzc6YEOC+VfX0SZQPqA=="],

    "@img/sharp-win32-ia32": ["@img/sharp-win32-ia32@0.34.4", "", { "os": "win32", "cpu": "ia32" }, "sha512-3ZeLue5V82dT92CNL6rsal6I2weKw1cYu+rGKm8fOCCtJTR2gYeUfY3FqUnIJsMUPIH68oS5jmZ0NiJ508YpEw=="],

    "@img/sharp-win32-x64": ["@img/sharp-win32-x64@0.34.4", "", { "os": "win32", "cpu": "x64" }, "sha512-xIyj4wpYs8J18sVN3mSQjwrw7fKUqRw+Z5rnHNCy5fYTxigBz81u5mOMPmFumwjcn8+ld1ppptMBCLic1nz6ig=="],

    "@jridgewell/gen-mapping": ["@jridgewell/gen-mapping@0.3.13", "", { "dependencies": { "@jridgewell/sourcemap-codec": "^1.5.0", "@jridgewell/trace-mapping": "^0.3.24" } }, "sha512-2kkt/7niJ6MgEPxF0bYdQ6etZaA+fQvDcLKckhy1yIQOzaoKjBBjSj63/aLVjYE3qhRt5dvM+uUyfCg6UKCBbA=="],

    "@jridgewell/remapping": ["@jridgewell/remapping@2.3.5", "", { "dependencies": { "@jridgewell/gen-mapping": "^0.3.5", "@jridgewell/trace-mapping": "^0.3.24" } }, "sha512-LI9u/+laYG4Ds1TDKSJW2YPrIlcVYOwi2fUC6xB43lueCjgxV4lffOCZCtYFiH6TNOX+tQKXx97T4IKHbhyHEQ=="],

    "@jridgewell/resolve-uri": ["@jridgewell/resolve-uri@3.1.2", "", {}, "sha512-bRISgCIjP20/tbWSPWMEi54QVPRZExkuD9lJL+UIxUKtwVJA8wW1Trb1jMs1RFXo1CBTNZ/5hpC9QvmKWdopKw=="],

    "@jridgewell/sourcemap-codec": ["@jridgewell/sourcemap-codec@1.5.5", "", {}, "sha512-cYQ9310grqxueWbl+WuIUIaiUaDcj7WOq5fVhEljNVgRfOUhY9fy2zTvfoqWsnebh8Sl70VScFbICvJnLKB0Og=="],

    "@jridgewell/trace-mapping": ["@jridgewell/trace-mapping@0.3.31", "", { "dependencies": { "@jridgewell/resolve-uri": "^3.1.0", "@jridgewell/sourcemap-codec": "^1.4.14" } }, "sha512-zzNR+SdQSDJzc8joaeP8QQoCQr8NuYx2dIIytl1QeBEZHJ9uW6hebsrYgbz8hJwUQao3TWCMtmfV8Nu1twOLAw=="],

    "@next/env": ["@next/env@16.0.0", "", {}, "sha512-s5j2iFGp38QsG1LWRQaE2iUY3h1jc014/melHFfLdrsMJPqxqDQwWNwyQTcNoUSGZlCVZuM7t7JDMmSyRilsnA=="],

    "@next/swc-darwin-arm64": ["@next/swc-darwin-arm64@16.0.0", "", { "os": "darwin", "cpu": "arm64" }, "sha512-/CntqDCnk5w2qIwMiF0a9r6+9qunZzFmU0cBX4T82LOflE72zzH6gnOjCwUXYKOBlQi8OpP/rMj8cBIr18x4TA=="],

    "@next/swc-darwin-x64": ["@next/swc-darwin-x64@16.0.0", "", { "os": "darwin", "cpu": "x64" }, "sha512-hB4GZnJGKa8m4efvTGNyii6qs76vTNl+3dKHTCAUaksN6KjYy4iEO3Q5ira405NW2PKb3EcqWiRaL9DrYJfMHg=="],

    "@next/swc-linux-arm64-gnu": ["@next/swc-linux-arm64-gnu@16.0.0", "", { "os": "linux", "cpu": "arm64" }, "sha512-E2IHMdE+C1k+nUgndM13/BY/iJY9KGCphCftMh7SXWcaQqExq/pJU/1Hgn8n/tFwSoLoYC/yUghOv97tAsIxqg=="],

    "@next/swc-linux-arm64-musl": ["@next/swc-linux-arm64-musl@16.0.0", "", { "os": "linux", "cpu": "arm64" }, "sha512-xzgl7c7BVk4+7PDWldU+On2nlwnGgFqJ1siWp3/8S0KBBLCjonB6zwJYPtl4MUY7YZJrzzumdUpUoquu5zk8vg=="],

    "@next/swc-linux-x64-gnu": ["@next/swc-linux-x64-gnu@16.0.0", "", { "os": "linux", "cpu": "x64" }, "sha512-sdyOg4cbiCw7YUr0F/7ya42oiVBXLD21EYkSwN+PhE4csJH4MSXUsYyslliiiBwkM+KsuQH/y9wuxVz6s7Nstg=="],

    "@next/swc-linux-x64-musl": ["@next/swc-linux-x64-musl@16.0.0", "", { "os": "linux", "cpu": "x64" }, "sha512-IAXv3OBYqVaNOgyd3kxR4L3msuhmSy1bcchPHxDOjypG33i2yDWvGBwFD94OuuTjjTt/7cuIKtAmoOOml6kfbg=="],

    "@next/swc-win32-arm64-msvc": ["@next/swc-win32-arm64-msvc@16.0.0", "", { "os": "win32", "cpu": "arm64" }, "sha512-bmo3ncIJKUS9PWK1JD9pEVv0yuvp1KPuOsyJTHXTv8KDrEmgV/K+U0C75rl9rhIaODcS7JEb6/7eJhdwXI0XmA=="],

    "@next/swc-win32-x64-msvc": ["@next/swc-win32-x64-msvc@16.0.0", "", { "os": "win32", "cpu": "x64" }, "sha512-O1cJbT+lZp+cTjYyZGiDwsOjO3UHHzSqobkPNipdlnnuPb1swfcuY6r3p8dsKU4hAIEO4cO67ZCfVVH/M1ETXA=="],

    "@swc/helpers": ["@swc/helpers@0.5.15", "", { "dependencies": { "tslib": "^2.8.0" } }, "sha512-JQ5TuMi45Owi4/BIMAJBoSQoOJu12oOk/gADqlcUL9JEdHB8vyjUSsxqeNXnmXHjYKMi2WcYtezGEEhqUI/E2g=="],

    "@tailwindcss/node": ["@tailwindcss/node@4.1.15", "", { "dependencies": { "@jridgewell/remapping": "^2.3.4", "enhanced-resolve": "^5.18.3", "jiti": "^2.6.0", "lightningcss": "1.30.2", "magic-string": "^0.30.19", "source-map-js": "^1.2.1", "tailwindcss": "4.1.15" } }, "sha512-HF4+7QxATZWY3Jr8OlZrBSXmwT3Watj0OogeDvdUY/ByXJHQ+LBtqA2brDb3sBxYslIFx6UP94BJ4X6a4L9Bmw=="],

    "@tailwindcss/oxide": ["@tailwindcss/oxide@4.1.15", "", { "optionalDependencies": { "@tailwindcss/oxide-android-arm64": "4.1.15", "@tailwindcss/oxide-darwin-arm64": "4.1.15", "@tailwindcss/oxide-darwin-x64": "4.1.15", "@tailwindcss/oxide-freebsd-x64": "4.1.15", "@tailwindcss/oxide-linux-arm-gnueabihf": "4.1.15", "@tailwindcss/oxide-linux-arm64-gnu": "4.1.15", "@tailwindcss/oxide-linux-arm64-musl": "4.1.15", "@tailwindcss/oxide-linux-x64-gnu": "4.1.15", "@tailwindcss/oxide-linux-x64-musl": "4.1.15", "@tailwindcss/oxide-wasm32-wasi": "4.1.15", "@tailwindcss/oxide-win32-arm64-msvc": "4.1.15", "@tailwindcss/oxide-win32-x64-msvc": "4.1.15" } }, "sha512-krhX+UOOgnsUuks2SR7hFafXmLQrKxB4YyRTERuCE59JlYL+FawgaAlSkOYmDRJdf1Q+IFNDMl9iRnBW7QBDfQ=="],

    "@tailwindcss/oxide-android-arm64": ["@tailwindcss/oxide-android-arm64@4.1.15", "", { "os": "android", "cpu": "arm64" }, "sha512-TkUkUgAw8At4cBjCeVCRMc/guVLKOU1D+sBPrHt5uVcGhlbVKxrCaCW9OKUIBv1oWkjh4GbunD/u/Mf0ql6kEA=="],

    "@tailwindcss/oxide-darwin-arm64": ["@tailwindcss/oxide-darwin-arm64@4.1.15", "", { "os": "darwin", "cpu": "arm64" }, "sha512-xt5XEJpn2piMSfvd1UFN6jrWXyaKCwikP4Pidcf+yfHTSzSpYhG3dcMktjNkQO3JiLCp+0bG0HoWGvz97K162w=="],

    "@tailwindcss/oxide-darwin-x64": ["@tailwindcss/oxide-darwin-x64@4.1.15", "", { "os": "darwin", "cpu": "x64" }, "sha512-TnWaxP6Bx2CojZEXAV2M01Yl13nYPpp0EtGpUrY+LMciKfIXiLL2r/SiSRpagE5Fp2gX+rflp/Os1VJDAyqymg=="],

    "@tailwindcss/oxide-freebsd-x64": ["@tailwindcss/oxide-freebsd-x64@4.1.15", "", { "os": "freebsd", "cpu": "x64" }, "sha512-quISQDWqiB6Cqhjc3iWptXVZHNVENsWoI77L1qgGEHNIdLDLFnw3/AfY7DidAiiCIkGX/MjIdB3bbBZR/G2aJg=="],

    "@tailwindcss/oxide-linux-arm-gnueabihf": ["@tailwindcss/oxide-linux-arm-gnueabihf@4.1.15", "", { "os": "linux", "cpu": "arm" }, "sha512-ObG76+vPlab65xzVUQbExmDU9FIeYLQ5k2LrQdR2Ud6hboR+ZobXpDoKEYXf/uOezOfIYmy2Ta3w0ejkTg9yxg=="],

    "@tailwindcss/oxide-linux-arm64-gnu": ["@tailwindcss/oxide-linux-arm64-gnu@4.1.15", "", { "os": "linux", "cpu": "arm64" }, "sha512-4WbBacRmk43pkb8/xts3wnOZMDKsPFyEH/oisCm2q3aLZND25ufvJKcDUpAu0cS+CBOL05dYa8D4U5OWECuH/Q=="],

    "@tailwindcss/oxide-linux-arm64-musl": ["@tailwindcss/oxide-linux-arm64-musl@4.1.15", "", { "os": "linux", "cpu": "arm64" }, "sha512-AbvmEiteEj1nf42nE8skdHv73NoR+EwXVSgPY6l39X12Ex8pzOwwfi3Kc8GAmjsnsaDEbk+aj9NyL3UeyHcTLg=="],

    "@tailwindcss/oxide-linux-x64-gnu": ["@tailwindcss/oxide-linux-x64-gnu@4.1.15", "", { "os": "linux", "cpu": "x64" }, "sha512-+rzMVlvVgrXtFiS+ES78yWgKqpThgV19ISKD58Ck+YO5pO5KjyxLt7AWKsWMbY0R9yBDC82w6QVGz837AKQcHg=="],

    "@tailwindcss/oxide-linux-x64-musl": ["@tailwindcss/oxide-linux-x64-musl@4.1.15", "", { "os": "linux", "cpu": "x64" }, "sha512-fPdEy7a8eQN9qOIK3Em9D3TO1z41JScJn8yxl/76mp4sAXFDfV4YXxsiptJcOwy6bGR+70ZSwFIZhTXzQeqwQg=="],

    "@tailwindcss/oxide-wasm32-wasi": ["@tailwindcss/oxide-wasm32-wasi@4.1.15", "", { "dependencies": { "@emnapi/core": "^1.5.0", "@emnapi/runtime": "^1.5.0", "@emnapi/wasi-threads": "^1.1.0", "@napi-rs/wasm-runtime": "^1.0.7", "@tybys/wasm-util": "^0.10.1", "tslib": "^2.4.0" }, "cpu": "none" }, "sha512-sJ4yd6iXXdlgIMfIBXuVGp/NvmviEoMVWMOAGxtxhzLPp9LOj5k0pMEMZdjeMCl4C6Up+RM8T3Zgk+BMQ0bGcQ=="],

    "@tailwindcss/oxide-win32-arm64-msvc": ["@tailwindcss/oxide-win32-arm64-msvc@4.1.15", "", { "os": "win32", "cpu": "arm64" }, "sha512-sJGE5faXnNQ1iXeqmRin7Ds/ru2fgCiaQZQQz3ZGIDtvbkeV85rAZ0QJFMDg0FrqsffZG96H1U9AQlNBRLsHVg=="],

    "@tailwindcss/oxide-win32-x64-msvc": ["@tailwindcss/oxide-win32-x64-msvc@4.1.15", "", { "os": "win32", "cpu": "x64" }, "sha512-NLeHE7jUV6HcFKS504bpOohyi01zPXi2PXmjFfkzTph8xRxDdxkRsXm/xDO5uV5K3brrE1cCwbUYmFUSHR3u1w=="],

    "@tailwindcss/postcss": ["@tailwindcss/postcss@4.1.15", "", { "dependencies": { "@alloc/quick-lru": "^5.2.0", "@tailwindcss/node": "4.1.15", "@tailwindcss/oxide": "4.1.15", "postcss": "^8.4.41", "tailwindcss": "4.1.15" } }, "sha512-IZh8IT76KujRz6d15wZw4eoeViT4TqmzVWNNfpuNCTKiaZUwgr5vtPqO4HjuYDyx3MgGR5qgPt1HMzTeLJyA3g=="],

    "@types/bun": ["@types/bun@1.3.0", "", { "dependencies": { "bun-types": "1.3.0" } }, "sha512-+lAGCYjXjip2qY375xX/scJeVRmZ5cY0wyHYyCYxNcdEXrQ4AOe3gACgd4iQ8ksOslJtW4VNxBJ8llUwc3a6AA=="],

    "@types/node": ["@types/node@20.19.23", "", { "dependencies": { "undici-types": "~6.21.0" } }, "sha512-yIdlVVVHXpmqRhtyovZAcSy0MiPcYWGkoO4CGe/+jpP0hmNuihm4XhHbADpK++MsiLHP5MVlv+bcgdF99kSiFQ=="],

    "@types/react": ["@types/react@19.2.2", "", { "dependencies": { "csstype": "^3.0.2" } }, "sha512-6mDvHUFSjyT2B2yeNx2nUgMxh9LtOWvkhIU3uePn2I2oyNymUAX1NIsdgviM4CH+JSrp2D2hsMvJOkxY+0wNRA=="],

    "@types/react-dom": ["@types/react-dom@19.2.2", "", { "peerDependencies": { "@types/react": "^19.2.0" } }, "sha512-9KQPoO6mZCi7jcIStSnlOWn2nEF3mNmyr3rIAsGnAbQKYbRLyqmeSc39EVgtxXVia+LMT8j3knZLAZAh+xLmrw=="],

    "@typescript/native-preview": ["@typescript/native-preview@7.0.0-dev.20251022.1", "", { "optionalDependencies": { "@typescript/native-preview-darwin-arm64": "7.0.0-dev.20251022.1", "@typescript/native-preview-darwin-x64": "7.0.0-dev.20251022.1", "@typescript/native-preview-linux-arm": "7.0.0-dev.20251022.1", "@typescript/native-preview-linux-arm64": "7.0.0-dev.20251022.1", "@typescript/native-preview-linux-x64": "7.0.0-dev.20251022.1", "@typescript/native-preview-win32-arm64": "7.0.0-dev.20251022.1", "@typescript/native-preview-win32-x64": "7.0.0-dev.20251022.1" }, "bin": { "tsgo": "bin/tsgo.js" } }, "sha512-qMoYkH4nnPPaIlmrtl9Hf3jKvB8rCaN8h0DyPApdjaTNHiXEW3seUocA0fX4ezhnlKgVKfeewSPCUiodvM/rlg=="],

    "@typescript/native-preview-darwin-arm64": ["@typescript/native-preview-darwin-arm64@7.0.0-dev.20251022.1", "", { "os": "darwin", "cpu": "arm64" }, "sha512-587KAFZacVCY49Nqj9ItyTr/mJrLNgiZKyp0SzkT7gb8yW7oh/FbLU/UZ9z7f0/axXxZnbojpYZlUq3pVf4dRA=="],

    "@typescript/native-preview-darwin-x64": ["@typescript/native-preview-darwin-x64@7.0.0-dev.20251022.1", "", { "os": "darwin", "cpu": "x64" }, "sha512-57X1Cf8xttErZ0QpjVx1xu/7A0y2pM86JKZ/z2uZCQH4wt1ofvj79cwWrWC3QJVVZhHoe61ig7pA/ZFRV31Akg=="],

    "@typescript/native-preview-linux-arm": ["@typescript/native-preview-linux-arm@7.0.0-dev.20251022.1", "", { "os": "linux", "cpu": "arm" }, "sha512-B0p4+636fNQqV0PpYi38Vwc37zaKGJaJOS9m0ggvHUnzHGXUebgeM1loO8hNyjPJavExxTIX7Sy7NldEPsn6tw=="],

    "@typescript/native-preview-linux-arm64": ["@typescript/native-preview-linux-arm64@7.0.0-dev.20251022.1", "", { "os": "linux", "cpu": "arm64" }, "sha512-/5XR+HdVMnfVSS5ZdekHSnbpYOnE4R381L9SWbrgIORd2JEhFBbTkDjDztyF9OfrGwX8W7nl94yIWHADtnGvRw=="],

    "@typescript/native-preview-linux-x64": ["@typescript/native-preview-linux-x64@7.0.0-dev.20251022.1", "", { "os": "linux", "cpu": "x64" }, "sha512-KCviAkcWrbuWRAg0gKJuLLpwZrjMkUWLRiSXvtpE0vbJ0E9kXM4Q6bZohbwXHFbia75mjvtpYOpxcjS7xAfLbQ=="],

    "@typescript/native-preview-win32-arm64": ["@typescript/native-preview-win32-arm64@7.0.0-dev.20251022.1", "", { "os": "win32", "cpu": "arm64" }, "sha512-2fjXEEiCrnB+NaD1ycIQ6PaM3rxKHyQjlVmuKKPgeMzHsTQ1L96iMj+pRUlYvnjmJRFXKxel5OHudiYtTO/BYQ=="],

    "@typescript/native-preview-win32-x64": ["@typescript/native-preview-win32-x64@7.0.0-dev.20251022.1", "", { "os": "win32", "cpu": "x64" }, "sha512-b0vitxu0pUne3njcgoh3Ed5vFJbhmrIOFXxTfjX3y5ZoegnItCoURouMAr4bHP+wV8ij4WDQyffPBCg2lnfMZQ=="],

    "babel-plugin-react-compiler": ["babel-plugin-react-compiler@1.0.0", "", { "dependencies": { "@babel/types": "^7.26.0" } }, "sha512-Ixm8tFfoKKIPYdCCKYTsqv+Fd4IJ0DQqMyEimo+pxUOMUR9cVPlwTrFt9Avu+3cb6Zp3mAzl+t1MrG2fxxKsxw=="],

    "bun-types": ["bun-types@1.3.0", "", { "dependencies": { "@types/node": "*" }, "peerDependencies": { "@types/react": "^19" } }, "sha512-u8X0thhx+yJ0KmkxuEo9HAtdfgCBaM/aI9K90VQcQioAmkVp3SG3FkwWGibUFz3WdXAdcsqOcbU40lK7tbHdkQ=="],

    "caniuse-lite": ["caniuse-lite@1.0.30001751", "", {}, "sha512-A0QJhug0Ly64Ii3eIqHu5X51ebln3k4yTUkY1j8drqpWHVreg/VLijN48cZ1bYPiqOQuqpkIKnzr/Ul8V+p6Cw=="],

    "client-only": ["client-only@0.0.1", "", {}, "sha512-IV3Ou0jSMzZrd3pZ48nLkT9DA7Ag1pnPzaiQhpW7c3RbcqqzvzzVu+L8gfqMp/8IM2MQtSiqaCxrrcfu8I8rMA=="],

    "commerce-kit": ["commerce-kit@0.6.1-experimental.6", "", { "peerDependencies": { "@types/node": "^24.3.0", "@typescript/native-preview": "7.0.0-dev.20251022.1", "typescript": "5.9.3", "zod": "^4.1.5" }, "optionalPeers": ["@typescript/native-preview", "typescript"] }, "sha512-Z9C+F5X0e0856vXGMnHw0KM9Xc/0HtVVC3sIHPnBW/smHrVpLxdguGqvxMt+otuYIGH+eXxtdJqhji30n8DSbw=="],

    "csstype": ["csstype@3.1.3", "", {}, "sha512-M1uQkMl8rQK/szD0LNhtqxIPLpimGm8sOBwU7lLnCpSbTyY3yeU1Vc7l4KT5zT4s/yOxHH5O7tIuuLOCnLADRw=="],

    "detect-libc": ["detect-libc@2.1.2", "", {}, "sha512-Btj2BOOO83o3WyH59e8MgXsxEQVcarkUOpEYrubB0urwnN10yQ364rsiByU11nZlqWYZm05i/of7io4mzihBtQ=="],

    "enhanced-resolve": ["enhanced-resolve@5.18.3", "", { "dependencies": { "graceful-fs": "^4.2.4", "tapable": "^2.2.0" } }, "sha512-d4lC8xfavMeBjzGr2vECC3fsGXziXZQyJxD868h2M/mBI3PwAuODxAkLkq5HYuvrPYcUtiLzsTo8U3PgX3Ocww=="],

    "graceful-fs": ["graceful-fs@4.2.11", "", {}, "sha512-RbJ5/jmFcNNCcDV5o9eTnBLJ/HszWV0P73bc+Ff4nS/rJj+YaS6IGyiOL0VoBYX+l1Wrl3k63h/KrH+nhJ0XvQ=="],

    "jiti": ["jiti@2.6.1", "", { "bin": { "jiti": "lib/jiti-cli.mjs" } }, "sha512-ekilCSN1jwRvIbgeg/57YFh8qQDNbwDb9xT/qu2DAHbFFZUicIl4ygVaAvzveMhMVr3LnpSKTNnwt8PoOfmKhQ=="],

    "lightningcss": ["lightningcss@1.30.2", "", { "dependencies": { "detect-libc": "^2.0.3" }, "optionalDependencies": { "lightningcss-android-arm64": "1.30.2", "lightningcss-darwin-arm64": "1.30.2", "lightningcss-darwin-x64": "1.30.2", "lightningcss-freebsd-x64": "1.30.2", "lightningcss-linux-arm-gnueabihf": "1.30.2", "lightningcss-linux-arm64-gnu": "1.30.2", "lightningcss-linux-arm64-musl": "1.30.2", "lightningcss-linux-x64-gnu": "1.30.2", "lightningcss-linux-x64-musl": "1.30.2", "lightningcss-win32-arm64-msvc": "1.30.2", "lightningcss-win32-x64-msvc": "1.30.2" } }, "sha512-utfs7Pr5uJyyvDETitgsaqSyjCb2qNRAtuqUeWIAKztsOYdcACf2KtARYXg2pSvhkt+9NfoaNY7fxjl6nuMjIQ=="],

    "lightningcss-android-arm64": ["lightningcss-android-arm64@1.30.2", "", { "os": "android", "cpu": "arm64" }, "sha512-BH9sEdOCahSgmkVhBLeU7Hc9DWeZ1Eb6wNS6Da8igvUwAe0sqROHddIlvU06q3WyXVEOYDZ6ykBZQnjTbmo4+A=="],

    "lightningcss-darwin-arm64": ["lightningcss-darwin-arm64@1.30.2", "", { "os": "darwin", "cpu": "arm64" }, "sha512-ylTcDJBN3Hp21TdhRT5zBOIi73P6/W0qwvlFEk22fkdXchtNTOU4Qc37SkzV+EKYxLouZ6M4LG9NfZ1qkhhBWA=="],

    "lightningcss-darwin-x64": ["lightningcss-darwin-x64@1.30.2", "", { "os": "darwin", "cpu": "x64" }, "sha512-oBZgKchomuDYxr7ilwLcyms6BCyLn0z8J0+ZZmfpjwg9fRVZIR5/GMXd7r9RH94iDhld3UmSjBM6nXWM2TfZTQ=="],

    "lightningcss-freebsd-x64": ["lightningcss-freebsd-x64@1.30.2", "", { "os": "freebsd", "cpu": "x64" }, "sha512-c2bH6xTrf4BDpK8MoGG4Bd6zAMZDAXS569UxCAGcA7IKbHNMlhGQ89eRmvpIUGfKWNVdbhSbkQaWhEoMGmGslA=="],

    "lightningcss-linux-arm-gnueabihf": ["lightningcss-linux-arm-gnueabihf@1.30.2", "", { "os": "linux", "cpu": "arm" }, "sha512-eVdpxh4wYcm0PofJIZVuYuLiqBIakQ9uFZmipf6LF/HRj5Bgm0eb3qL/mr1smyXIS1twwOxNWndd8z0E374hiA=="],

    "lightningcss-linux-arm64-gnu": ["lightningcss-linux-arm64-gnu@1.30.2", "", { "os": "linux", "cpu": "arm64" }, "sha512-UK65WJAbwIJbiBFXpxrbTNArtfuznvxAJw4Q2ZGlU8kPeDIWEX1dg3rn2veBVUylA2Ezg89ktszWbaQnxD/e3A=="],

    "lightningcss-linux-arm64-musl": ["lightningcss-linux-arm64-musl@1.30.2", "", { "os": "linux", "cpu": "arm64" }, "sha512-5Vh9dGeblpTxWHpOx8iauV02popZDsCYMPIgiuw97OJ5uaDsL86cnqSFs5LZkG3ghHoX5isLgWzMs+eD1YzrnA=="],

    "lightningcss-linux-x64-gnu": ["lightningcss-linux-x64-gnu@1.30.2", "", { "os": "linux", "cpu": "x64" }, "sha512-Cfd46gdmj1vQ+lR6VRTTadNHu6ALuw2pKR9lYq4FnhvgBc4zWY1EtZcAc6EffShbb1MFrIPfLDXD6Xprbnni4w=="],

    "lightningcss-linux-x64-musl": ["lightningcss-linux-x64-musl@1.30.2", "", { "os": "linux", "cpu": "x64" }, "sha512-XJaLUUFXb6/QG2lGIW6aIk6jKdtjtcffUT0NKvIqhSBY3hh9Ch+1LCeH80dR9q9LBjG3ewbDjnumefsLsP6aiA=="],

    "lightningcss-win32-arm64-msvc": ["lightningcss-win32-arm64-msvc@1.30.2", "", { "os": "win32", "cpu": "arm64" }, "sha512-FZn+vaj7zLv//D/192WFFVA0RgHawIcHqLX9xuWiQt7P0PtdFEVaxgF9rjM/IRYHQXNnk61/H/gb2Ei+kUQ4xQ=="],

    "lightningcss-win32-x64-msvc": ["lightningcss-win32-x64-msvc@1.30.2", "", { "os": "win32", "cpu": "x64" }, "sha512-5g1yc73p+iAkid5phb4oVFMB45417DkRevRbt/El/gKXJk4jid+vPFF/AXbxn05Aky8PapwzZrdJShv5C0avjw=="],

    "magic-string": ["magic-string@0.30.19", "", { "dependencies": { "@jridgewell/sourcemap-codec": "^1.5.5" } }, "sha512-2N21sPY9Ws53PZvsEpVtNuSW+ScYbQdp4b9qUaL+9QkHUrGFKo56Lg9Emg5s9V/qrtNBmiR01sYhUOwu3H+VOw=="],

    "nanoid": ["nanoid@3.3.11", "", { "bin": { "nanoid": "bin/nanoid.cjs" } }, "sha512-N8SpfPUnUp1bK+PMYW8qSWdl9U+wwNWI4QKxOYDy9JAro3WMX7p2OeVRF9v+347pnakNevPmiHhNmZ2HbFA76w=="],

    "next": ["next@16.0.0", "", { "dependencies": { "@next/env": "16.0.0", "@swc/helpers": "0.5.15", "caniuse-lite": "^1.0.30001579", "postcss": "8.4.31", "styled-jsx": "5.1.6" }, "optionalDependencies": { "@next/swc-darwin-arm64": "16.0.0", "@next/swc-darwin-x64": "16.0.0", "@next/swc-linux-arm64-gnu": "16.0.0", "@next/swc-linux-arm64-musl": "16.0.0", "@next/swc-linux-x64-gnu": "16.0.0", "@next/swc-linux-x64-musl": "16.0.0", "@next/swc-win32-arm64-msvc": "16.0.0", "@next/swc-win32-x64-msvc": "16.0.0", "sharp": "^0.34.4" }, "peerDependencies": { "@opentelemetry/api": "^1.1.0", "@playwright/test": "^1.51.1", "babel-plugin-react-compiler": "*", "react": "^18.2.0 || 19.0.0-rc-de68d2f4-20241204 || ^19.0.0", "react-dom": "^18.2.0 || 19.0.0-rc-de68d2f4-20241204 || ^19.0.0", "sass": "^1.3.0" }, "optionalPeers": ["@opentelemetry/api", "@playwright/test", "babel-plugin-react-compiler", "sass"], "bin": { "next": "dist/bin/next" } }, "sha512-nYohiNdxGu4OmBzggxy9rczmjIGI+TpR5vbKTsE1HqYwNm1B+YSiugSrFguX6omMOKnDHAmBPY4+8TNJk0Idyg=="],

    "picocolors": ["picocolors@1.1.1", "", {}, "sha512-xceH2snhtb5M9liqDsmEw56le376mTZkEX/jEb/RxNFyegNul7eNslCXP9FDj/Lcu0X8KEyMceP2ntpaHrDEVA=="],

    "postcss": ["postcss@8.5.6", "", { "dependencies": { "nanoid": "^3.3.11", "picocolors": "^1.1.1", "source-map-js": "^1.2.1" } }, "sha512-3Ybi1tAuwAP9s0r1UQ2J4n5Y0G05bJkpUIO0/bI9MhwmD70S5aTWbXGBwxHrelT+XM1k6dM0pk+SwNkpTRN7Pg=="],

    "react": ["react@19.2.0", "", {}, "sha512-tmbWg6W31tQLeB5cdIBOicJDJRR2KzXsV7uSK9iNfLWQ5bIZfxuPEHp7M8wiHyHnn0DD1i7w3Zmin0FtkrwoCQ=="],

    "react-dom": ["react-dom@19.2.0", "", { "dependencies": { "scheduler": "^0.27.0" }, "peerDependencies": { "react": "^19.2.0" } }, "sha512-UlbRu4cAiGaIewkPyiRGJk0imDN2T3JjieT6spoL2UeSf5od4n5LB/mQ4ejmxhCFT1tYe8IvaFulzynWovsEFQ=="],

    "safe-try": ["safe-try@0.0.4", "", {}, "sha512-EqquLK89x8buUJxfblmZTOh7Y+SFSRkYf4+KFK6Jm1HWGLgK7KdcXtd2Ua44FVaCIhkgTEsM28uXiVvwmSDj4A=="],

    "scheduler": ["scheduler@0.27.0", "", {}, "sha512-eNv+WrVbKu1f3vbYJT/xtiF5syA5HPIMtf9IgY/nKg0sWqzAUEvqY/xm7OcZc/qafLx/iO9FgOmeSAp4v5ti/Q=="],

    "semver": ["semver@7.7.3", "", { "bin": { "semver": "bin/semver.js" } }, "sha512-SdsKMrI9TdgjdweUSR9MweHA4EJ8YxHn8DFaDisvhVlUOe4BF1tLD7GAj0lIqWVl+dPb/rExr0Btby5loQm20Q=="],

    "sharp": ["sharp@0.34.4", "", { "dependencies": { "@img/colour": "^1.0.0", "detect-libc": "^2.1.0", "semver": "^7.7.2" }, "optionalDependencies": { "@img/sharp-darwin-arm64": "0.34.4", "@img/sharp-darwin-x64": "0.34.4", "@img/sharp-libvips-darwin-arm64": "1.2.3", "@img/sharp-libvips-darwin-x64": "1.2.3", "@img/sharp-libvips-linux-arm": "1.2.3", "@img/sharp-libvips-linux-arm64": "1.2.3", "@img/sharp-libvips-linux-ppc64": "1.2.3", "@img/sharp-libvips-linux-s390x": "1.2.3", "@img/sharp-libvips-linux-x64": "1.2.3", "@img/sharp-libvips-linuxmusl-arm64": "1.2.3", "@img/sharp-libvips-linuxmusl-x64": "1.2.3", "@img/sharp-linux-arm": "0.34.4", "@img/sharp-linux-arm64": "0.34.4", "@img/sharp-linux-ppc64": "0.34.4", "@img/sharp-linux-s390x": "0.34.4", "@img/sharp-linux-x64": "0.34.4", "@img/sharp-linuxmusl-arm64": "0.34.4", "@img/sharp-linuxmusl-x64": "0.34.4", "@img/sharp-wasm32": "0.34.4", "@img/sharp-win32-arm64": "0.34.4", "@img/sharp-win32-ia32": "0.34.4", "@img/sharp-win32-x64": "0.34.4" } }, "sha512-FUH39xp3SBPnxWvd5iib1X8XY7J0K0X7d93sie9CJg2PO8/7gmg89Nve6OjItK53/MlAushNNxteBYfM6DEuoA=="],

    "source-map-js": ["source-map-js@1.2.1", "", {}, "sha512-UXWMKhLOwVKb728IUtQPXxfYU+usdybtUrK/8uGE8CQMvrhOpwvzDBwj0QhSL7MQc7vIsISBG8VQ8+IDQxpfQA=="],

    "styled-jsx": ["styled-jsx@5.1.6", "", { "dependencies": { "client-only": "0.0.1" }, "peerDependencies": { "react": ">= 16.8.0 || 17.x.x || ^18.0.0-0 || ^19.0.0-0" } }, "sha512-qSVyDTeMotdvQYoHWLNGwRFJHC+i+ZvdBRYosOFgC+Wg1vx4frN2/RG/NA7SYqqvKNLf39P2LSRA2pu6n0XYZA=="],

    "tailwindcss": ["tailwindcss@4.1.15", "", {}, "sha512-k2WLnWkYFkdpRv+Oby3EBXIyQC8/s1HOFMBUViwtAh6Z5uAozeUSMQlIsn/c6Q2iJzqG6aJT3wdPaRNj70iYxQ=="],

    "tapable": ["tapable@2.3.0", "", {}, "sha512-g9ljZiwki/LfxmQADO3dEY1CbpmXT5Hm2fJ+QaGKwSXUylMybePR7/67YW7jOrrvjEgL1Fmz5kzyAjWVWLlucg=="],

    "tslib": ["tslib@2.8.1", "", {}, "sha512-oJFu94HQb+KVduSUQL7wnpmqnfmLsOA/nAh6b6EH0wCEoK0/mPeXU6c3wKDV83MkOuHPRHtSXKKU99IBazS/2w=="],

    "typescript": ["typescript@5.9.3", "", { "bin": { "tsc": "bin/tsc", "tsserver": "bin/tsserver" } }, "sha512-jl1vZzPDinLr9eUt3J/t7V6FgNEw9QjvBPdysz9KfQDD41fQrC2Y4vKQdiaUpFT4bXlb1RHhLpp8wtm6M5TgSw=="],

    "undici-types": ["undici-types@6.21.0", "", {}, "sha512-iwDZqg0QAGrg9Rav5H4n0M64c3mkR59cJ6wQp+7C4nI0gsmExaedaYLNO44eT4AtBBwjbTiGPMlt2Md0T9H9JQ=="],

    "zod": ["zod@4.1.12", "", {}, "sha512-JInaHOamG8pt5+Ey8kGmdcAcg3OL9reK8ltczgHTAwNhMys/6ThXHityHxVV2p3fkw/c+MAvBHFVYHFZDmjMCQ=="],

    "@tailwindcss/oxide-wasm32-wasi/@emnapi/core": ["@emnapi/core@1.6.0", "", { "dependencies": { "@emnapi/wasi-threads": "1.1.0", "tslib": "^2.4.0" }, "bundled": true }, "sha512-zq/ay+9fNIJJtJiZxdTnXS20PllcYMX3OE23ESc4HK/bdYu3cOWYVhsOhVnXALfU/uqJIxn5NBPd9z4v+SfoSg=="],

    "@tailwindcss/oxide-wasm32-wasi/@emnapi/runtime": ["@emnapi/runtime@1.6.0", "", { "dependencies": { "tslib": "^2.4.0" }, "bundled": true }, "sha512-obtUmAHTMjll499P+D9A3axeJFlhdjOWdKUNs/U6QIGT7V5RjcUW1xToAzjvmgTSQhDbYn/NwfTRoJcQ2rNBxA=="],

    "@tailwindcss/oxide-wasm32-wasi/@emnapi/wasi-threads": ["@emnapi/wasi-threads@1.1.0", "", { "dependencies": { "tslib": "^2.4.0" }, "bundled": true }, "sha512-WI0DdZ8xFSbgMjR1sFsKABJ/C5OnRrjT06JXbZKexJGrDuPTzZdDYfFlsgcCXCyf+suG5QU2e/y1Wo2V/OapLQ=="],

    "@tailwindcss/oxide-wasm32-wasi/@napi-rs/wasm-runtime": ["@napi-rs/wasm-runtime@1.0.7", "", { "dependencies": { "@emnapi/core": "^1.5.0", "@emnapi/runtime": "^1.5.0", "@tybys/wasm-util": "^0.10.1" }, "bundled": true }, "sha512-SeDnOO0Tk7Okiq6DbXmmBODgOAb9dp9gjlphokTUxmt8U3liIP1ZsozBahH69j/RJv+Rfs6IwUKHTgQYJ/HBAw=="],

    "@tailwindcss/oxide-wasm32-wasi/@tybys/wasm-util": ["@tybys/wasm-util@0.10.1", "", { "dependencies": { "tslib": "^2.4.0" }, "bundled": true }, "sha512-9tTaPJLSiejZKx+Bmog4uSubteqTvFrVrURwkmHixBo0G4seD0zUxp98E1DzUBJxLQ3NPwXrGKDiVjwx/DpPsg=="],

    "@tailwindcss/oxide-wasm32-wasi/tslib": ["tslib@2.8.1", "", { "bundled": true }, "sha512-oJFu94HQb+KVduSUQL7wnpmqnfmLsOA/nAh6b6EH0wCEoK0/mPeXU6c3wKDV83MkOuHPRHtSXKKU99IBazS/2w=="],

    "bun-types/@types/node": ["@types/node@24.9.1", "", { "dependencies": { "undici-types": "~7.16.0" } }, "sha512-QoiaXANRkSXK6p0Duvt56W208du4P9Uye9hWLWgGMDTEoKPhuenzNcC4vGUmrNkiOKTlIrBoyNQYNpSwfEZXSg=="],

    "next/postcss": ["postcss@8.4.31", "", { "dependencies": { "nanoid": "^3.3.6", "picocolors": "^1.0.0", "source-map-js": "^1.0.2" } }, "sha512-PS08Iboia9mts/2ygV3eLpY5ghnUcfLV/EXTOW1E2qYxJKGGBUtNjN76FYHnMs36RmARn41bC0AZmn+rR0OVpQ=="],

    "bun-types/@types/node/undici-types": ["undici-types@7.16.0", "", {}, "sha512-Zz+aZWSj8LE6zoxD+xrjh4VfkIG8Ya6LvYkZqtUQGJPZjYl53ypCaUwWqo7eI0x66KBGeRo+mlBEkMSeSZ38Nw=="],
  }
}
